{
  "version": "5",
  "specifiers": {
    "jsr:@deno-libs/superfetch@3": "3.0.0",
    "jsr:@std/assert@*": "1.0.0",
    "jsr:@std/assert@1": "1.0.0",
    "jsr:@std/assert@1.0.0": "1.0.0",
    "jsr:@std/internal@^1.0.1": "1.0.13",
    "jsr:@std/json@1": "1.1.0",
    "jsr:@std/media-types@1.0.1": "1.0.1",
    "jsr:@std/streams@^1.1.0": "1.1.0",
    "npm:@hono/zod-validator@0.4": "0.4.3_hono@4.12.18_zod@3.25.76",
    "npm:ajv@8": "8.17.1",
    "npm:bloom-filters@3": "3.0.4",
    "npm:docopt@0.6": "0.6.2",
    "npm:hono@4": "4.12.18",
    "npm:idb@8": "8.0.3",
    "npm:jmespath@0.16": "0.16.0",
    "npm:macaroons.js@~0.3.9": "0.3.9",
    "npm:qrcode@1": "1.5.4",
    "npm:zod@3": "3.25.76"
  },
  "jsr": {
    "@deno-libs/superfetch@3.0.0": {
      "integrity": "8504f17cd6cab62789aaa9cafe9ef07a263a4cafa46f96ee8caae52aa3d821f7",
      "dependencies": [
        "jsr:@std/assert@1.0.0",
        "jsr:@std/media-types"
      ]
    },
    "@std/assert@1.0.0": {
      "integrity": "0e4f6d873f7f35e2a1e6194ceee39686c996b9e5d134948e644d35d4c4df2008",
      "dependencies": [
        "jsr:@std/internal"
      ]
    },
    "@std/internal@1.0.13": {
      "integrity": "2f9546691d4ac2d32859c82dff284aaeac980ddeca38430d07941e7e288725c0"
    },
    "@std/json@1.1.0": {
      "integrity": "93330d3ed4054d6b1ffe54b075432c80a5f671be77277b978931e018014cb1cc",
      "dependencies": [
        "jsr:@std/streams"
      ]
    },
    "@std/media-types@1.0.1": {
      "integrity": "f2ddc3497be0bd87ac0c9b9b26bb454f76bdc45e1b9a12146af47fab3ba2828c"
    },
    "@std/streams@1.1.0": {
      "integrity": "2f7024d841f343fd478afe0c958a3f0f068ef2a0d2bcc954f550f97ac1fa22e3"
    }
  },
  "npm": {
    "@hono/zod-validator@0.4.3_hono@4.12.18_zod@3.25.76": {
      "integrity": "sha512-xIgMYXDyJ4Hj6ekm9T9Y27s080Nl9NXHcJkOvkXPhubOLj8hZkOL8pDnnXfvCf5xEE8Q4oMFenQUZZREUY2gqQ==",
      "dependencies": [
        "hono",
        "zod"
      ]
    },
    "@types/seedrandom@3.0.8": {
      "integrity": "sha512-TY1eezMU2zH2ozQoAFAQFOPpvP15g+ZgSfTZt31AUUH/Rxtnz3H+A/Sv1Snw2/amp//omibc+AEkTaA8KUeOLQ=="
    },
    "ajv@8.17.1": {
      "integrity": "sha512-B/gBuNg5SiMTrPkC+A2+cW0RszwxYmn6VYxB/inlBStS5nx6xHIt/ehKRhIMhqusl7a8LjQoZnjCs5vhwxOQ1g==",
      "dependencies": [
        "fast-deep-equal",
        "fast-uri",
        "json-schema-traverse",
        "require-from-string"
      ]
    },
    "ansi-regex@5.0.1": {
      "integrity": "sha512-quJQXlTSUGL2LH9SUXo8VwsY4soanhgo6LNSm84E1LBcE8s3O0wpdiRzyR9z/ZZJMlMWv37qOOb9pdJlMUEKFQ=="
    },
    "ansi-styles@4.3.0": {
      "integrity": "sha512-zbB9rCJAT1rbjiVDb2hqKFHNYLxgtk8NURxZ3IZwD3F6NtxbXZQCnnSi1Lkx+IDohdPlFp222wVALIheZJQSEg==",
      "dependencies": [
        "color-convert"
      ]
    },
    "base64-arraybuffer@1.0.2": {
      "integrity": "sha512-I3yl4r9QB5ZRY3XuJVEPfc2XhZO6YweFPI+UovAzn+8/hb3oJ6lnysaFcjVpkCPfVWFUDvoZ8kmVDP7WyRtYtQ=="
    },
    "bloom-filters@3.0.4": {
      "integrity": "sha512-BdnPWo2OpYhlvuP2fRzJBdioMCkm7Zp0HCf8NJgF5Mbyqy7VQ/CnTiVWMMyq4EZCBHwj0Kq6098gW2/3RsZsrA==",
      "dependencies": [
        "@types/seedrandom",
        "base64-arraybuffer",
        "is-buffer",
        "lodash",
        "long",
        "reflect-metadata",
        "seedrandom",
        "xxhashjs"
      ]
    },
    "camelcase@5.3.1": {
      "integrity": "sha512-L28STB170nwWS63UjtlEOE3dldQApaJXZkOI1uMFfzf3rRuPegHaHesyee+YxQ+W6SvRDQV6UrdOdRiR153wJg=="
    },
    "cliui@6.0.0": {
      "integrity": "sha512-t6wbgtoCXvAzst7QgXxJYqPt0usEfbgQdftEPbLL/cvv6HPE5VgvqCuAIDR0NgU52ds6rFwqrgakNLrHEjCbrQ==",
      "dependencies": [
        "string-width",
        "strip-ansi",
        "wrap-ansi"
      ]
    },
    "color-convert@2.0.1": {
      "integrity": "sha512-RRECPsj7iu/xb5oKYcsFHSppFNnsj/52OVTRKb4zP5onXwVF3zVmmToNcOfGC+CRDpfK/U584fMg38ZHCaElKQ==",
      "dependencies": [
        "color-name"
      ]
    },
    "color-name@1.1.4": {
      "integrity": "sha512-dOy+3AuW3a2wNbZHIuMZpTcgjGuLU/uBL/ubcZF9OXbDo8ff4O8yVp5Bf0efS8uEoYo5q4Fx7dY9OgQGXgAsQA=="
    },
    "cuint@0.2.2": {
      "integrity": "sha512-d4ZVpCW31eWwCMe1YT3ur7mUDnTXbgwyzaL320DrcRT45rfjYxkt5QWLrmOJ+/UEAI2+fQgKe/fCjR8l4TpRgw=="
    },
    "decamelize@1.2.0": {
      "integrity": "sha512-z2S+W9X73hAUUki+N+9Za2lBlun89zigOyGrsax+KUQ6wKW4ZoWpEYBkGhQjwAjjDCkWxhY0VKEhk8wzY7F5cA=="
    },
    "dijkstrajs@1.0.3": {
      "integrity": "sha512-qiSlmBq9+BCdCA/L46dw8Uy93mloxsPSbwnm5yrKn2vMPiy8KyAskTF6zuV/j5BMsmOGZDPs7KjU+mjb670kfA=="
    },
    "docopt@0.6.2": {
      "integrity": "sha512-NqTbaYeE4gA/wU1hdKFdU+AFahpDOpgGLzHP42k6H6DKExJd0A55KEVWYhL9FEmHmgeLvEU2vuKXDuU+4yToOw=="
    },
    "ecma-nacl@2.5.3": {
      "integrity": "sha512-y8cHnMrAUEnGEHWTu+jF3JZfdeL+Qn5YuJaym5ukP1JdWmZTWYjNJTDB3tHe9JQp2AgVyji9Yh+Tfch0QCkfpQ=="
    },
    "emoji-regex@8.0.0": {
      "integrity": "sha512-MSjYzcWNOA0ewAHpz0MxpYFvwg6yjy1NG3xteoqz644VCo/RPgnr1/GGt+ic3iJTzQ8Eu3TdM14SawnVUmGE6A=="
    },
    "fast-deep-equal@3.1.3": {
      "integrity": "sha512-f3qQ9oQy9j2AhBe/H9VC91wLmKBCCU/gDOnKNAYG5hswO7BLKj09Hc5HYNz9cGI++xlpDCIgDaitVs03ATR84Q=="
    },
    "fast-uri@3.0.1": {
      "integrity": "sha512-MWipKbbYiYI0UC7cl8m/i/IWTqfC8YXsqjzybjddLsFjStroQzsHXkc73JutMvBiXmOvapk+axIl79ig5t55Bw=="
    },
    "find-up@4.1.0": {
      "integrity": "sha512-PpOwAdQ/YlXQ2vj8a3h8IipDuYRi3wceVQQGYWxNINccq40Anw7BlsEXCMbt1Zt+OLA6Fq9suIpIWD0OsnISlw==",
      "dependencies": [
        "locate-path",
        "path-exists"
      ]
    },
    "get-caller-file@2.0.5": {
      "integrity": "sha512-DyFP3BM/3YHTQOCUL/w0OZHR0lpKeGrxotcHWcqNEdnltqFwXVfhEBQ94eIo34AfQpo0rGki4cyIiftY06h2Fg=="
    },
    "hono@4.12.18": {
      "integrity": "sha512-RWzP96k/yv0PQfyXnWjs6zot20TqfpfsNXhOnev8d1InAxubW93L11/oNUc3tQqn2G0bSdAOBpX+2uDFHV7kdQ=="
    },
    "idb@8.0.3": {
      "integrity": "sha512-LtwtVyVYO5BqRvcsKuB2iUMnHwPVByPCXFXOpuU96IZPPoPN6xjOGxZQ74pgSVVLQWtUOYgyeL4GE98BY5D3wg=="
    },
    "is-buffer@2.0.5": {
      "integrity": "sha512-i2R6zNFDwgEHJyQUtJEk0XFi1i0dPFn/oqjK3/vPCcDeJvW5NQ83V8QbicfF1SupOaB0h8ntgBC2YiE7dfyctQ=="
    },
    "is-fullwidth-code-point@3.0.0": {
      "integrity": "sha512-zymm5+u+sCsSWyD9qNaejV3DFvhCKclKdizYaJUuHA83RLjb7nSuGnddCHGv0hk+KY7BMAlsWeK4Ueg6EV6XQg=="
    },
    "is-typedarray@1.0.0": {
      "integrity": "sha512-cyA56iCMHAh5CdzjJIa4aohJyeO1YbwLi3Jc35MmRU6poroFjIGZzUzupGiRPOjgHg9TLu43xbpwXk523fMxKA=="
    },
    "jmespath@0.16.0": {
      "integrity": "sha512-9FzQjJ7MATs1tSpnco1K6ayiYE3figslrXA72G2HQ/n76RzvYlofyi5QM+iX4YRs/pu3yzxlVQSST23+dMDknw=="
    },
    "json-schema-traverse@1.0.0": {
      "integrity": "sha512-NM8/P9n3XjXhIZn1lLhkFaACTOURQXjWhV4BA/RnOv8xvgqtqpAX9IO4mRQxSx1Rlo4tqzeqb0sOlruaOy3dug=="
    },
    "locate-path@5.0.0": {
      "integrity": "sha512-t7hw9pI+WvuwNJXwk5zVHpyhIqzg2qTlklJOf0mVxGSbe3Fp2VieZcduNYjaLDoy6p9uGpQEGWG87WpMKlNq8g==",
      "dependencies": [
        "p-locate"
      ]
    },
    "lodash@4.17.21": {
      "integrity": "sha512-v2kDEe57lecTulaDIuNTPy3Ry4gLGJ6Z1O3vE1krgXZNrsQ+LFTGHVxVjcXPs17LhbZVGedAJv8XZ1tvj5FvSg=="
    },
    "long@5.3.2": {
      "integrity": "sha512-mNAgZ1GmyNhD7AuqnTG3/VQ26o760+ZYBPKjPvugO8+nLbYfX6TVpJPseBvopbdY+qpZ/lKUnmEc1LeZYS3QAA=="
    },
    "macaroons.js@0.3.9": {
      "integrity": "sha512-mSAl7o2xVYaN6ZxI/DfrB5G3cuQwW7D4HIwvvk6S5FrY4Ih6EQamV7/OMBW1XD79eiwBcstZ60DREH8M99N67A==",
      "dependencies": [
        "ecma-nacl",
        "typedarray-to-buffer"
      ]
    },
    "p-limit@2.3.0": {
      "integrity": "sha512-//88mFWSJx8lxCzwdAABTJL2MyWB12+eIY7MDL2SqLmAkeKU9qxRvWuSyTjm3FUmpBEMuFfckAIqEaVGUDxb6w==",
      "dependencies": [
        "p-try"
      ]
    },
    "p-locate@4.1.0": {
      "integrity": "sha512-R79ZZ/0wAxKGu3oYMlz8jy/kbhsNrS7SKZ7PxEHBgJ5+F2mtFW2fK2cOtBh1cHYkQsbzFV7I+EoRKe6Yt0oK7A==",
      "dependencies": [
        "p-limit"
      ]
    },
    "p-try@2.2.0": {
      "integrity": "sha512-R4nPAVTAU0B9D35/Gk3uJf/7XYbQcyohSKdvAxIRSNghFl4e71hVoGnBNQz9cWaXxO2I10KTC+3jMdvvoKw6dQ=="
    },
    "path-exists@4.0.0": {
      "integrity": "sha512-ak9Qy5Q7jYb2Wwcey5Fpvg2KoAc/ZIhLSLOSBmRmygPsGwkVVt0fZa0qrtMz+m6tJTAHfZQ8FnmB4MG4LWy7/w=="
    },
    "pngjs@5.0.0": {
      "integrity": "sha512-40QW5YalBNfQo5yRYmiw7Yz6TKKVr3h6970B2YE+3fQpsWcrbj1PzJgxeJ19DRQjhMbKPIuMY8rFaXc8moolVw=="
    },
    "qrcode@1.5.4": {
      "integrity": "sha512-1ca71Zgiu6ORjHqFBDpnSMTR2ReToX4l1Au1VFLyVeBTFavzQnv5JxMFr3ukHVKpSrSA2MCk0lNJSykjUfz7Zg==",
      "dependencies": [
        "dijkstrajs",
        "pngjs",
        "yargs"
      ],
      "bin": true
    },
    "reflect-metadata@0.1.14": {
      "integrity": "sha512-ZhYeb6nRaXCfhnndflDK8qI6ZQ/YcWZCISRAWICW9XYqMUwjZM9Z0DveWX/ABN01oxSHwVxKQmxeYZSsm0jh5A=="
    },
    "require-directory@2.1.1": {
      "integrity": "sha512-fGxEI7+wsG9xrvdjsrlmL22OMTTiHRwAMroiEeMgq8gzoLC/PQr7RsRDSTLUg/bZAZtF+TVIkHc6/4RIKrui+Q=="
    },
    "require-from-string@2.0.2": {
      "integrity": "sha512-Xf0nWe6RseziFMu+Ap9biiUbmplq6S9/p+7w7YXP/JBHhrUDDUhwa+vANyubuqfZWTveU//DYVGsDG7RKL/vEw=="
    },
    "require-main-filename@2.0.0": {
      "integrity": "sha512-NKN5kMDylKuldxYLSUfrbo5Tuzh4hd+2E8NPPX02mZtn1VuREQToYe/ZdlJy+J3uCpfaiGF05e7B8W0iXbQHmg=="
    },
    "seedrandom@3.0.5": {
      "integrity": "sha512-8OwmbklUNzwezjGInmZ+2clQmExQPvomqjL7LFqOYqtmuxRgQYqOD3mHaU+MvZn5FLUeVxVfQjwLZW/n/JFuqg=="
    },
    "set-blocking@2.0.0": {
      "integrity": "sha512-KiKBS8AnWGEyLzofFfmvKwpdPzqiy16LvQfK3yv/fVH7Bj13/wl3JSR1J+rfgRE9q7xUJK4qvgS8raSOeLUehw=="
    },
    "string-width@4.2.3": {
      "integrity": "sha512-wKyQRQpjJ0sIp62ErSZdGsjMJWsap5oRNihHhu6G7JVO/9jIB6UyevL+tXuOqrng8j/cxKTWyWUwvSTriiZz/g==",
      "dependencies": [
        "emoji-regex",
        "is-fullwidth-code-point",
        "strip-ansi"
      ]
    },
    "strip-ansi@6.0.1": {
      "integrity": "sha512-Y38VPSHcqkFrCpFnQ9vuSXmquuv5oXOKpGeT6aGrr3o3Gc9AlVa6JBfUSOCnbxGGZF+/0ooI7KrPuUSztUdU5A==",
      "dependencies": [
        "ansi-regex"
      ]
    },
    "typedarray-to-buffer@3.1.5": {
      "integrity": "sha512-zdu8XMNEDepKKR+XYOXAVPtWui0ly0NtohUscw+UmaHiAWT8hrV1rr//H6V+0DvJ3OQ19S979M0laLfX8rm82Q==",
      "dependencies": [
        "is-typedarray"
      ]
    },
    "which-module@2.0.1": {
      "integrity": "sha512-iBdZ57RDvnOR9AGBhML2vFZf7h8vmBjhoaZqODJBFWHVtKkDmKuHai3cx5PgVMrX5YDNp27AofYbAwctSS+vhQ=="
    },
    "wrap-ansi@6.2.0": {
      "integrity": "sha512-r6lPcBGxZXlIcymEu7InxDMhdW0KDxpLgoFLcguasxCaJ/SOIZwINatK9KY/tf+ZrlywOKU0UDj3ATXUBfxJXA==",
      "dependencies": [
        "ansi-styles",
        "string-width",
        "strip-ansi"
      ]
    },
    "xxhashjs@0.2.2": {
      "integrity": "sha512-AkTuIuVTET12tpsVIQo+ZU6f/qDmKuRUcjaqR+OIvm+aCBsZ95i7UVY5WJ9TMsSaZ0DA2WxoZ4acu0sPH+OKAw==",
      "dependencies": [
        "cuint"
      ]
    },
    "y18n@4.0.3": {
      "integrity": "sha512-JKhqTOwSrqNA1NY5lSztJ1GrBiUodLMmIZuLiDaMRJ+itFd+ABVE8XBjOvIWL+rSqNDC74LCSFmlb/U4UZ4hJQ=="
    },
    "yargs-parser@18.1.3": {
      "integrity": "sha512-o50j0JeToy/4K6OZcaQmW6lyXXKhq7csREXcDwk2omFPJEwUNOVtJKvmDr9EI1fAJZUyZcRF7kxGBWmRXudrCQ==",
      "dependencies": [
        "camelcase",
        "decamelize"
      ]
    },
    "yargs@15.4.1": {
      "integrity": "sha512-aePbxDmcYW++PaqBsJ+HYUFwCdv4LVvdnhBy78E57PIor8/OVvhMrADFFEDh8DHDFRv/O9i3lPhsENjO7QX0+A==",
      "dependencies": [
        "cliui",
        "decamelize",
        "find-up",
        "get-caller-file",
        "require-directory",
        "require-main-filename",
        "set-blocking",
        "string-width",
        "which-module",
        "y18n",
        "yargs-parser"
      ]
    },
    "zod@3.25.76": {
      "integrity": "sha512-gzUt/qt81nXsFGKIFcC3YnfEAx5NkunCfnDlvuBSSFS02bcXu4Lmea0AFIUwbLWxWPx3d9p8S5QoaujKcNQxcQ=="
    }
  },
  "workspace": {
    "dependencies": [
      "jsr:@deno-libs/superfetch@3",
      "jsr:@std/assert@1",
      "jsr:@std/json@1",
      "npm:@hono/zod-validator@0.4",
      "npm:@types/qrcode@1",
      "npm:ajv@8",
      "npm:docopt@0.6",
      "npm:hono@4",
      "npm:idb@8",
      "npm:jmespath@0.16",
      "npm:macaroons.js@~0.3.9",
      "npm:qrcode@1",
      "npm:zod@3"
    ]
  }
}
